
Microsoft Visual Studio Solution File, Format Version 12.00
# Visual Studio Version 17
VisualStudioVersion = 17.8.34330.188
MinimumVisualStudioVersion = 10.0.40219.1
Project("{FAE04EC0-301F-11D3-BF4B-00C04F79EFBC}") = "Api_Project_Emp", "Api_Project_Emp\Api_Project_Emp.csproj", "{B492DB1F-ABD0-4968-BA35-DB64F669BE79}"
EndProject
Global
	GlobalSection(SolutionConfigurationPlatforms) = preSolution
		Debug|Any CPU = Debug|Any CPU
		Release|Any CPU = Release|Any CPU
	EndGlobalSection
	GlobalSection(ProjectConfigurationPlatforms) = postSolution
		{B492DB1F-ABD0-4968-BA35-DB64F669BE79}.Debug|Any CPU.ActiveCfg = Debug|Any CPU
		{B492DB1F-ABD0-4968-BA35-DB64F669BE79}.Debug|Any CPU.Build.0 = Debug|Any CPU
		{B492DB1F-ABD0-4968-BA35-DB64F669BE79}.Release|Any CPU.ActiveCfg = Release|Any CPU
		{B492DB1F-ABD0-4968-BA35-DB64F669BE79}.Release|Any CPU.Build.0 = Release|Any CPU
	EndGlobalSection
	GlobalSection(SolutionProperties) = preSolution
		HideSolutionNode = FALSE
	EndGlobalSection
	GlobalSection(ExtensibilityGlobals) = postSolution
		SolutionGuid = {E0A984AD-7AE1-439D-976E-66902FD9AB7E}
	EndGlobalSection
EndGlobal
